// !$*UTF8*$!
{
	archiveVersion = 1;
	classes = {
	};
	objectVersion = 50;
	objects = {

/* Begin PBXBuildFile section */
		64553164230DBDF00099A0F3 /* AppDelegate.swift in Sources */ = {isa = PBXBuildFile; fileRef = 64553163230DBDF00099A0F3 /* AppDelegate.swift */; };
		64553166230DBDF00099A0F3 /* ViewController.swift in Sources */ = {isa = PBXBuildFile; fileRef = 64553165230DBDF00099A0F3 /* ViewController.swift */; };
		64553169230DBDF00099A0F3 /* Main.storyboard in Resources */ = {isa = PBXBuildFile; fileRef = 64553167230DBDF00099A0F3 /* Main.storyboard */; };
		6455316B230DBDF20099A0F3 /* Assets.xcassets in Resources */ = {isa = PBXBuildFile; fileRef = 6455316A230DBDF20099A0F3 /* Assets.xcassets */; };
		6455316E230DBDF20099A0F3 /* LaunchScreen.storyboard in Resources */ = {isa = PBXBuildFile; fileRef = 6455316C230DBDF20099A0F3 /* LaunchScreen.storyboard */; };
		6472981A230DF31D00E2DF32 /* ApiRoute.swift in Sources */ = {isa = PBXBuildFile; fileRef = 64729819230DF31D00E2DF32 /* ApiRoute.swift */; };
		6472981C230DF33100E2DF32 /* WebService.swift in Sources */ = {isa = PBXBuildFile; fileRef = 6472981B230DF33100E2DF32 /* WebService.swift */; };
		64729820230DF55E00E2DF32 /* HttpMethod.swift in Sources */ = {isa = PBXBuildFile; fileRef = 6472981F230DF55E00E2DF32 /* HttpMethod.swift */; };
		64729822230DFF8E00E2DF32 /* ApiError.swift in Sources */ = {isa = PBXBuildFile; fileRef = 64729821230DFF8E00E2DF32 /* ApiError.swift */; };
		64729826230E020B00E2DF32 /* GuideFacade.swift in Sources */ = {isa = PBXBuildFile; fileRef = 64729825230E020B00E2DF32 /* GuideFacade.swift */; };
		64729828230E035800E2DF32 /* Service.swift in Sources */ = {isa = PBXBuildFile; fileRef = 64729827230E035800E2DF32 /* Service.swift */; };
		6472982A230E040100E2DF32 /* MockService.swift in Sources */ = {isa = PBXBuildFile; fileRef = 64729829230E040100E2DF32 /* MockService.swift */; };
		6472982D230E07F000E2DF32 /* upcomingGuides.json in Resources */ = {isa = PBXBuildFile; fileRef = 6472982C230E07F000E2DF32 /* upcomingGuides.json */; };
		64729832230E4A7800E2DF32 /* GuideTableViewCell.swift in Sources */ = {isa = PBXBuildFile; fileRef = 64729831230E4A7800E2DF32 /* GuideTableViewCell.swift */; };
		64729837230E4B2A00E2DF32 /* NibLoadable.swift in Sources */ = {isa = PBXBuildFile; fileRef = 64729836230E4B2A00E2DF32 /* NibLoadable.swift */; };
		64729839230E4B4500E2DF32 /* UIView+Extensions.swift in Sources */ = {isa = PBXBuildFile; fileRef = 64729838230E4B4500E2DF32 /* UIView+Extensions.swift */; };
		649063952316552400332540 /* ImageLoader.swift in Sources */ = {isa = PBXBuildFile; fileRef = 649063942316552400332540 /* ImageLoader.swift */; };
		649063972316FB0C00332540 /* SectionHeaderView.xib in Resources */ = {isa = PBXBuildFile; fileRef = 649063962316FB0C00332540 /* SectionHeaderView.xib */; };
		649063992316FB1B00332540 /* SectionHeaderView.swift in Sources */ = {isa = PBXBuildFile; fileRef = 649063982316FB1B00332540 /* SectionHeaderView.swift */; };
		64EB54872311EF7500048435 /* GuideTableViewCell.xib in Resources */ = {isa = PBXBuildFile; fileRef = 64EB54862311EF7500048435 /* GuideTableViewCell.xib */; };
		64F9BD1F230DC95900043897 /* Guide.swift in Sources */ = {isa = PBXBuildFile; fileRef = 64F9BD1E230DC95800043897 /* Guide.swift */; };
		64F9BD21230DCBA400043897 /* UpcomingGuidesResponse.swift in Sources */ = {isa = PBXBuildFile; fileRef = 64F9BD20230DCBA400043897 /* UpcomingGuidesResponse.swift */; };
		64F9BD23230DCDCC00043897 /* Venue.swift in Sources */ = {isa = PBXBuildFile; fileRef = 64F9BD22230DCDCC00043897 /* Venue.swift */; };
/* End PBXBuildFile section */

/* Begin PBXFileReference section */
		64553160230DBDF00099A0F3 /* guides.app */ = {isa = PBXFileReference; explicitFileType = wrapper.application; includeInIndex = 0; path = guides.app; sourceTree = BUILT_PRODUCTS_DIR; };
		64553163230DBDF00099A0F3 /* AppDelegate.swift */ = {isa = PBXFileReference; lastKnownFileType = sourcecode.swift; path = AppDelegate.swift; sourceTree = "<group>"; };
		64553165230DBDF00099A0F3 /* ViewController.swift */ = {isa = PBXFileReference; lastKnownFileType = sourcecode.swift; path = ViewController.swift; sourceTree = "<group>"; };
		64553168230DBDF00099A0F3 /* Base */ = {isa = PBXFileReference; lastKnownFileType = file.storyboard; name = Base; path = Base.lproj/Main.storyboard; sourceTree = "<group>"; };
		6455316A230DBDF20099A0F3 /* Assets.xcassets */ = {isa = PBXFileReference; lastKnownFileType = folder.assetcatalog; path = Assets.xcassets; sourceTree = "<group>"; };
		6455316D230DBDF20099A0F3 /* Base */ = {isa = PBXFileReference; lastKnownFileType = file.storyboard; name = Base; path = Base.lproj/LaunchScreen.storyboard; sourceTree = "<group>"; };
		6455316F230DBDF20099A0F3 /* Info.plist */ = {isa = PBXFileReference; lastKnownFileType = text.plist.xml; path = Info.plist; sourceTree = "<group>"; };
		64729819230DF31D00E2DF32 /* ApiRoute.swift */ = {isa = PBXFileReference; lastKnownFileType = sourcecode.swift; path = ApiRoute.swift; sourceTree = "<group>"; };
		6472981B230DF33100E2DF32 /* WebService.swift */ = {isa = PBXFileReference; lastKnownFileType = sourcecode.swift; path = WebService.swift; sourceTree = "<group>"; };
		6472981F230DF55E00E2DF32 /* HttpMethod.swift */ = {isa = PBXFileReference; lastKnownFileType = sourcecode.swift; path = HttpMethod.swift; sourceTree = "<group>"; };
		64729821230DFF8E00E2DF32 /* ApiError.swift */ = {isa = PBXFileReference; lastKnownFileType = sourcecode.swift; path = ApiError.swift; sourceTree = "<group>"; };
		64729825230E020B00E2DF32 /* GuideFacade.swift */ = {isa = PBXFileReference; lastKnownFileType = sourcecode.swift; path = GuideFacade.swift; sourceTree = "<group>"; };
		64729827230E035800E2DF32 /* Service.swift */ = {isa = PBXFileReference; lastKnownFileType = sourcecode.swift; path = Service.swift; sourceTree = "<group>"; };
		64729829230E040100E2DF32 /* MockService.swift */ = {isa = PBXFileReference; lastKnownFileType = sourcecode.swift; path = MockService.swift; sourceTree = "<group>"; };
		6472982C230E07F000E2DF32 /* upcomingGuides.json */ = {isa = PBXFileReference; lastKnownFileType = text.json; path = upcomingGuides.json; sourceTree = "<group>"; };
		64729831230E4A7800E2DF32 /* GuideTableViewCell.swift */ = {isa = PBXFileReference; lastKnownFileType = sourcecode.swift; path = GuideTableViewCell.swift; sourceTree = "<group>"; };
		64729836230E4B2A00E2DF32 /* NibLoadable.swift */ = {isa = PBXFileReference; lastKnownFileType = sourcecode.swift; path = NibLoadable.swift; sourceTree = "<group>"; };
		64729838230E4B4500E2DF32 /* UIView+Extensions.swift */ = {isa = PBXFileReference; lastKnownFileType = sourcecode.swift; path = "UIView+Extensions.swift"; sourceTree = "<group>"; };
		649063942316552400332540 /* ImageLoader.swift */ = {isa = PBXFileReference; lastKnownFileType = sourcecode.swift; path = ImageLoader.swift; sourceTree = "<group>"; };
		649063962316FB0C00332540 /* SectionHeaderView.xib */ = {isa = PBXFileReference; lastKnownFileType = file.xib; path = SectionHeaderView.xib; sourceTree = "<group>"; };
		649063982316FB1B00332540 /* SectionHeaderView.swift */ = {isa = PBXFileReference; lastKnownFileType = sourcecode.swift; path = SectionHeaderView.swift; sourceTree = "<group>"; };
		64EB54862311EF7500048435 /* GuideTableViewCell.xib */ = {isa = PBXFileReference; lastKnownFileType = file.xib; path = GuideTableViewCell.xib; sourceTree = "<group>"; };
		64F9BD1E230DC95800043897 /* Guide.swift */ = {isa = PBXFileReference; lastKnownFileType = sourcecode.swift; path = Guide.swift; sourceTree = "<group>"; };
		64F9BD20230DCBA400043897 /* UpcomingGuidesResponse.swift */ = {isa = PBXFileReference; lastKnownFileType = sourcecode.swift; path = UpcomingGuidesResponse.swift; sourceTree = "<group>"; };
		64F9BD22230DCDCC00043897 /* Venue.swift */ = {isa = PBXFileReference; lastKnownFileType = sourcecode.swift; path = Venue.swift; sourceTree = "<group>"; };
/* End PBXFileReference section */

/* Begin PBXFrameworksBuildPhase section */
		6455315D230DBDF00099A0F3 /* Frameworks */ = {
			isa = PBXFrameworksBuildPhase;
			buildActionMask = 2147483647;
			files = (
			);
			runOnlyForDeploymentPostprocessing = 0;
		};
/* End PBXFrameworksBuildPhase section */

/* Begin PBXGroup section */
		64553157230DBDF00099A0F3 = {
			isa = PBXGroup;
			children = (
				64553162230DBDF00099A0F3 /* guides */,
				64553161230DBDF00099A0F3 /* Products */,
			);
			sourceTree = "<group>";
		};
		64553161230DBDF00099A0F3 /* Products */ = {
			isa = PBXGroup;
			children = (
				64553160230DBDF00099A0F3 /* guides.app */,
			);
			name = Products;
			sourceTree = "<group>";
		};
		64553162230DBDF00099A0F3 /* guides */ = {
			isa = PBXGroup;
			children = (
				64729818230DF31000E2DF32 /* Network */,
				64F9BD1D230DC93900043897 /* Model */,
				6472982E230E4A4200E2DF32 /* View */,
				64EB54852311CD1E00048435 /* ViewController */,
				64729835230E4B0C00E2DF32 /* Util */,
				6472982B230E07BD00E2DF32 /* MockData */,
				64553163230DBDF00099A0F3 /* AppDelegate.swift */,
				6455316A230DBDF20099A0F3 /* Assets.xcassets */,
				6455316C230DBDF20099A0F3 /* LaunchScreen.storyboard */,
				6455316F230DBDF20099A0F3 /* Info.plist */,
			);
			path = guides;
			sourceTree = "<group>";
		};
		64729818230DF31000E2DF32 /* Network */ = {
			isa = PBXGroup;
			children = (
				64729823230E01A600E2DF32 /* Api */,
				6490639A2317719D00332540 /* Service */,
				64729824230E020300E2DF32 /* Facade */,
			);
			path = Network;
			sourceTree = "<group>";
		};
		64729823230E01A600E2DF32 /* Api */ = {
			isa = PBXGroup;
			children = (
				64729819230DF31D00E2DF32 /* ApiRoute.swift */,
				64729821230DFF8E00E2DF32 /* ApiError.swift */,
				6472981F230DF55E00E2DF32 /* HttpMethod.swift */,
			);
			path = Api;
			sourceTree = "<group>";
		};
		64729824230E020300E2DF32 /* Facade */ = {
			isa = PBXGroup;
			children = (
				64729825230E020B00E2DF32 /* GuideFacade.swift */,
			);
			path = Facade;
			sourceTree = "<group>";
		};
		6472982B230E07BD00E2DF32 /* MockData */ = {
			isa = PBXGroup;
			children = (
				6472982C230E07F000E2DF32 /* upcomingGuides.json */,
			);
			path = MockData;
			sourceTree = "<group>";
		};
		6472982E230E4A4200E2DF32 /* View */ = {
			isa = PBXGroup;
			children = (
				64729831230E4A7800E2DF32 /* GuideTableViewCell.swift */,
				64EB54862311EF7500048435 /* GuideTableViewCell.xib */,
				649063982316FB1B00332540 /* SectionHeaderView.swift */,
				649063962316FB0C00332540 /* SectionHeaderView.xib */,
			);
			path = View;
			sourceTree = "<group>";
		};
		64729835230E4B0C00E2DF32 /* Util */ = {
			isa = PBXGroup;
			children = (
				649063942316552400332540 /* ImageLoader.swift */,
				64729836230E4B2A00E2DF32 /* NibLoadable.swift */,
				64729838230E4B4500E2DF32 /* UIView+Extensions.swift */,
			);
			path = Util;
			sourceTree = "<group>";
		};
		6490639A2317719D00332540 /* Service */ = {
			isa = PBXGroup;
			children = (
				64729827230E035800E2DF32 /* Service.swift */,
				6472981B230DF33100E2DF32 /* WebService.swift */,
				64729829230E040100E2DF32 /* MockService.swift */,
			);
			path = Service;
			sourceTree = "<group>";
		};
		64EB54852311CD1E00048435 /* ViewController */ = {
			isa = PBXGroup;
			children = (
				64553167230DBDF00099A0F3 /* Main.storyboard */,
				64553165230DBDF00099A0F3 /* ViewController.swift */,
			);
			path = ViewController;
			sourceTree = "<group>";
		};
		64F9BD1D230DC93900043897 /* Model */ = {
			isa = PBXGroup;
			children = (
				64F9BD24230DCDE500043897 /* Response */,
				64F9BD1E230DC95800043897 /* Guide.swift */,
				64F9BD22230DCDCC00043897 /* Venue.swift */,
			);
			path = Model;
			sourceTree = "<group>";
		};
		64F9BD24230DCDE500043897 /* Response */ = {
			isa = PBXGroup;
			children = (
				64F9BD20230DCBA400043897 /* UpcomingGuidesResponse.swift */,
			);
			path = Response;
			sourceTree = "<group>";
		};
/* End PBXGroup section */

/* Begin PBXNativeTarget section */
		6455315F230DBDF00099A0F3 /* guides */ = {
			isa = PBXNativeTarget;
			buildConfigurationList = 64553172230DBDF20099A0F3 /* Build configuration list for PBXNativeTarget "guides" */;
			buildPhases = (
				6455315C230DBDF00099A0F3 /* Sources */,
				6455315D230DBDF00099A0F3 /* Frameworks */,
				6455315E230DBDF00099A0F3 /* Resources */,
			);
			buildRules = (
			);
			dependencies = (
			);
			name = guides;
			productName = guides;
			productReference = 64553160230DBDF00099A0F3 /* guides.app */;
			productType = "com.apple.product-type.application";
		};
/* End PBXNativeTarget section */

/* Begin PBXProject section */
		64553158230DBDF00099A0F3 /* Project object */ = {
			isa = PBXProject;
			attributes = {
				LastSwiftUpdateCheck = 1030;
				LastUpgradeCheck = 1030;
				ORGANIZATIONNAME = "Marcus V Kuquert";
				TargetAttributes = {
					6455315F230DBDF00099A0F3 = {
						CreatedOnToolsVersion = 10.3;
					};
				};
			};
			buildConfigurationList = 6455315B230DBDF00099A0F3 /* Build configuration list for PBXProject "guides" */;
			compatibilityVersion = "Xcode 9.3";
			developmentRegion = en;
			hasScannedForEncodings = 0;
			knownRegions = (
				en,
				Base,
			);
			mainGroup = 64553157230DBDF00099A0F3;
			productRefGroup = 64553161230DBDF00099A0F3 /* Products */;
			projectDirPath = "";
			projectRoot = "";
			targets = (
				6455315F230DBDF00099A0F3 /* guides */,
			);
		};
/* End PBXProject section */

/* Begin PBXResourcesBuildPhase section */
		6455315E230DBDF00099A0F3 /* Resources */ = {
			isa = PBXResourcesBuildPhase;
			buildActionMask = 2147483647;
			files = (
				64EB54872311EF7500048435 /* GuideTableViewCell.xib in Resources */,
				6455316E230DBDF20099A0F3 /* LaunchScreen.storyboard in Resources */,
				6455316B230DBDF20099A0F3 /* Assets.xcassets in Resources */,
				649063972316FB0C00332540 /* SectionHeaderView.xib in Resources */,
				6472982D230E07F000E2DF32 /* upcomingGuides.json in Resources */,
				64553169230DBDF00099A0F3 /* Main.storyboard in Resources */,
			);
			runOnlyForDeploymentPostprocessing = 0;
		};
/* End PBXResourcesBuildPhase section */

/* Begin PBXSourcesBuildPhase section */
		6455315C230DBDF00099A0F3 /* Sources */ = {
			isa = PBXSourcesBuildPhase;
			buildActionMask = 2147483647;
			files = (
				64F9BD1F230DC95900043897 /* Guide.swift in Sources */,
				6472981A230DF31D00E2DF32 /* ApiRoute.swift in Sources */,
				6472981C230DF33100E2DF32 /* WebService.swift in Sources */,
				64729837230E4B2A00E2DF32 /* NibLoadable.swift in Sources */,
				64F9BD23230DCDCC00043897 /* Venue.swift in Sources */,
				64729820230DF55E00E2DF32 /* HttpMethod.swift in Sources */,
				64729822230DFF8E00E2DF32 /* ApiError.swift in Sources */,
				649063992316FB1B00332540 /* SectionHeaderView.swift in Sources */,
				64553166230DBDF00099A0F3 /* ViewController.swift in Sources */,
				64729832230E4A7800E2DF32 /* GuideTableViewCell.swift in Sources */,
				64553164230DBDF00099A0F3 /* AppDelegate.swift in Sources */,
				64729839230E4B4500E2DF32 /* UIView+Extensions.swift in Sources */,
				649063952316552400332540 /* ImageLoader.swift in Sources */,
				64729826230E020B00E2DF32 /* GuideFacade.swift in Sources */,
				64F9BD21230DCBA400043897 /* UpcomingGuidesResponse.swift in Sources */,
				64729828230E035800E2DF32 /* Service.swift in Sources */,
				6472982A230E040100E2DF32 /* MockService.swift in Sources */,
			);
			runOnlyForDeploymentPostprocessing = 0;
		};
/* End PBXSourcesBuildPhase section */

/* Begin PBXVariantGroup section */
		64553167230DBDF00099A0F3 /* Main.storyboard */ = {
			isa = PBXVariantGroup;
			children = (
				64553168230DBDF00099A0F3 /* Base */,
			);
			name = Main.storyboard;
			sourceTree = "<group>";
		};
		6455316C230DBDF20099A0F3 /* LaunchScreen.storyboard */ = {
			isa = PBXVariantGroup;
			children = (
				6455316D230DBDF20099A0F3 /* Base */,
			);
			name = LaunchScreen.storyboard;
			sourceTree = "<group>";
		};
/* End PBXVariantGroup section */

/* Begin XCBuildConfiguration section */
		64553170230DBDF20099A0F3 /* Debug */ = {
			isa = XCBuildConfiguration;
			buildSettings = {
				ALWAYS_SEARCH_USER_PATHS = NO;
				CLANG_ANALYZER_NONNULL = YES;
				CLANG_ANALYZER_NUMBER_OBJECT_CONVERSION = YES_AGGRESSIVE;
				CLANG_CXX_LANGUAGE_STANDARD = "gnu++14";
				CLANG_CXX_LIBRARY = "libc++";
				CLANG_ENABLE_MODULES = YES;
				CLANG_ENABLE_OBJC_ARC = YES;
				CLANG_ENABLE_OBJC_WEAK = YES;
				CLANG_WARN_BLOCK_CAPTURE_AUTORELEASING = YES;
				CLANG_WARN_BOOL_CONVERSION = YES;
				CLANG_WARN_COMMA = YES;
				CLANG_WARN_CONSTANT_CONVERSION = YES;
				CLANG_WARN_DEPRECATED_OBJC_IMPLEMENTATIONS = YES;
				CLANG_WARN_DIRECT_OBJC_ISA_USAGE = YES_ERROR;
				CLANG_WARN_DOCUMENTATION_COMMENTS = YES;
				CLANG_WARN_EMPTY_BODY = YES;
				CLANG_WARN_ENUM_CONVERSION = YES;
				CLANG_WARN_INFINITE_RECURSION = YES;
				CLANG_WARN_INT_CONVERSION = YES;
				CLANG_WARN_NON_LITERAL_NULL_CONVERSION = YES;
				CLANG_WARN_OBJC_IMPLICIT_RETAIN_SELF = YES;
				CLANG_WARN_OBJC_LITERAL_CONVERSION = YES;
				CLANG_WARN_OBJC_ROOT_CLASS = YES_ERROR;
				CLANG_WARN_RANGE_LOOP_ANALYSIS = YES;
				CLANG_WARN_STRICT_PROTOTYPES = YES;
				CLANG_WARN_SUSPICIOUS_MOVE = YES;
				CLANG_WARN_UNGUARDED_AVAILABILITY = YES_AGGRESSIVE;
				CLANG_WARN_UNREACHABLE_CODE = YES;
				CLANG_WARN__DUPLICATE_METHOD_MATCH = YES;
				CODE_SIGN_IDENTITY = "iPhone Developer";
				COPY_PHASE_STRIP = NO;
				DEBUG_INFORMATION_FORMAT = dwarf;
				ENABLE_STRICT_OBJC_MSGSEND = YES;
				ENABLE_TESTABILITY = YES;
				GCC_C_LANGUAGE_STANDARD = gnu11;
				GCC_DYNAMIC_NO_PIC = NO;
				GCC_NO_COMMON_BLOCKS = YES;
				GCC_OPTIMIZATION_LEVEL = 0;
				GCC_PREPROCESSOR_DEFINITIONS = (
					"DEBUG=1",
					"$(inherited)",
				);
				GCC_WARN_64_TO_32_BIT_CONVERSION = YES;
				GCC_WARN_ABOUT_RETURN_TYPE = YES_ERROR;
				GCC_WARN_UNDECLARED_SELECTOR = YES;
				GCC_WARN_UNINITIALIZED_AUTOS = YES_AGGRESSIVE;
				GCC_WARN_UNUSED_FUNCTION = YES;
				GCC_WARN_UNUSED_VARIABLE = YES;
				IPHONEOS_DEPLOYMENT_TARGET = 12.4;
				MTL_ENABLE_DEBUG_INFO = INCLUDE_SOURCE;
				MTL_FAST_MATH = YES;
				ONLY_ACTIVE_ARCH = YES;
				SDKROOT = iphoneos;
				SWIFT_ACTIVE_COMPILATION_CONDITIONS = DEBUG;
				SWIFT_OPTIMIZATION_LEVEL = "-Onone";
			};
			name = Debug;
		};
		64553171230DBDF20099A0F3 /* Release */ = {
			isa = XCBuildConfiguration;
			buildSettings = {
				ALWAYS_SEARCH_USER_PATHS = NO;
				CLANG_ANALYZER_NONNULL = YES;
				CLANG_ANALYZER_NUMBER_OBJECT_CONVERSION = YES_AGGRESSIVE;
				CLANG_CXX_LANGUAGE_STANDARD = "gnu++14";
				CLANG_CXX_LIBRARY = "libc++";
				CLANG_ENABLE_MODULES = YES;
				CLANG_ENABLE_OBJC_ARC = YES;
				CLANG_ENABLE_OBJC_WEAK = YES;
				CLANG_WARN_BLOCK_CAPTURE_AUTORELEASING = YES;
				CLANG_WARN_BOOL_CONVERSION = YES;
				CLANG_WARN_COMMA = YES;
				CLANG_WARN_CONSTANT_CONVERSION = YES;
				CLANG_WARN_DEPRECATED_OBJC_IMPLEMENTATIONS = YES;
				CLANG_WARN_DIRECT_OBJC_ISA_USAGE = YES_ERROR;
				CLANG_WARN_DOCUMENTATION_COMMENTS = YES;
				CLANG_WARN_EMPTY_BODY = YES;
				CLANG_WARN_ENUM_CONVERSION = YES;
				CLANG_WARN_INFINITE_RECURSION = YES;
				CLANG_WARN_INT_CONVERSION = YES;
				CLANG_WARN_NON_LITERAL_NULL_CONVERSION = YES;
				CLANG_WARN_OBJC_IMPLICIT_RETAIN_SELF = YES;
				CLANG_WARN_OBJC_LITERAL_CONVERSION = YES;
				CLANG_WARN_OBJC_ROOT_CLASS = YES_ERROR;
				CLANG_WARN_RANGE_LOOP_ANALYSIS = YES;
				CLANG_WARN_STRICT_PROTOTYPES = YES;
				CLANG_WARN_SUSPICIOUS_MOVE = YES;
				CLANG_WARN_UNGUARDED_AVAILABILITY = YES_AGGRESSIVE;
				CLANG_WARN_UNREACHABLE_CODE = YES;
				CLANG_WARN__DUPLICATE_METHOD_MATCH = YES;
				CODE_SIGN_IDENTITY = "iPhone Developer";
				COPY_PHASE_STRIP = NO;
				DEBUG_INFORMATION_FORMAT = "dwarf-with-dsym";
				ENABLE_NS_ASSERTIONS = NO;
				ENABLE_STRICT_OBJC_MSGSEND = YES;
				GCC_C_LANGUAGE_STANDARD = gnu11;
				GCC_NO_COMMON_BLOCKS = YES;
				GCC_WARN_64_TO_32_BIT_CONVERSION = YES;
				GCC_WARN_ABOUT_RETURN_TYPE = YES_ERROR;
				GCC_WARN_UNDECLARED_SELECTOR = YES;
				GCC_WARN_UNINITIALIZED_AUTOS = YES_AGGRESSIVE;
				GCC_WARN_UNUSED_FUNCTION = YES;
				GCC_WARN_UNUSED_VARIABLE = YES;
				IPHONEOS_DEPLOYMENT_TARGET = 12.4;
				MTL_ENABLE_DEBUG_INFO = NO;
				MTL_FAST_MATH = YES;
				SDKROOT = iphoneos;
				SWIFT_COMPILATION_MODE = wholemodule;
				SWIFT_OPTIMIZATION_LEVEL = "-O";
				VALIDATE_PRODUCT = YES;
			};
			name = Release;
		};
		64553173230DBDF20099A0F3 /* Debug */ = {
			isa = XCBuildConfiguration;
			buildSettings = {
				ASSETCATALOG_COMPILER_APPICON_NAME = AppIcon;
				CODE_SIGN_STYLE = Automatic;
				INFOPLIST_FILE = guides/Info.plist;
				LD_RUNPATH_SEARCH_PATHS = (
					"$(inherited)",
					"@executable_path/Frameworks",
				);
				PRODUCT_BUNDLE_IDENTIFIER = kuquert.com.guides;
				PRODUCT_NAME = "$(TARGET_NAME)";
				SWIFT_VERSION = 5.0;
				TARGETED_DEVICE_FAMILY = "1,2";
			};
			name = Debug;
		};
		64553174230DBDF20099A0F3 /* Release */ = {
			isa = XCBuildConfiguration;
			buildSettings = {
				ASSETCATALOG_COMPILER_APPICON_NAME = AppIcon;
				CODE_SIGN_STYLE = Automatic;
				INFOPLIST_FILE = guides/Info.plist;
				LD_RUNPATH_SEARCH_PATHS = (
					"$(inherited)",
					"@executable_path/Frameworks",
				);
				PRODUCT_BUNDLE_IDENTIFIER = kuquert.com.guides;
				PRODUCT_NAME = "$(TARGET_NAME)";
				SWIFT_VERSION = 5.0;
				TARGETED_DEVICE_FAMILY = "1,2";
			};
			name = Release;
		};
/* End XCBuildConfiguration section */

/* Begin XCConfigurationList section */
		6455315B230DBDF00099A0F3 /* Build configuration list for PBXProject "guides" */ = {
			isa = XCConfigurationList;
			buildConfigurations = (
				64553170230DBDF20099A0F3 /* Debug */,
				64553171230DBDF20099A0F3 /* Release */,
			);
			defaultConfigurationIsVisible = 0;
			defaultConfigurationName = Release;
		};
		64553172230DBDF20099A0F3 /* Build configuration list for PBXNativeTarget "guides" */ = {
			isa = XCConfigurationList;
			buildConfigurations = (
				64553173230DBDF20099A0F3 /* Debug */,
				64553174230DBDF20099A0F3 /* Release */,
			);
			defaultConfigurationIsVisible = 0;
			defaultConfigurationName = Release;
		};
/* End XCConfigurationList section */
	};
	rootObject = 64553158230DBDF00099A0F3 /* Project object */;
}
